
Microsoft Visual Studio Solution File, Format Version 12.00
# Visual Studio 15
VisualStudioVersion = 15.0.28307.757
MinimumVisualStudioVersion = 10.0.40219.1
Project("{FAE04EC0-301F-11D3-BF4B-00C04F79EFBC}") = "StudentSys.Models", "StudentSys.Models\StudentSys.Models.csproj", "{2A9C9568-94FA-481E-9E60-F3EFF740770F}"
EndProject
Project("{FAE04EC0-301F-11D3-BF4B-00C04F79EFBC}") = "StudentSys.DAL", "StudentSys.DAL\StudentSys.DAL.csproj", "{DF4AC64D-AA4A-4D58-94A1-4FC7CF71CABA}"
EndProject
Project("{FAE04EC0-301F-11D3-BF4B-00C04F79EFBC}") = "StudentSys.Dto", "StudentSys.Dto\StudentSys.Dto.csproj", "{9F6616A7-3D0D-4A69-9730-6E15F60B249B}"
EndProject
Project("{FAE04EC0-301F-11D3-BF4B-00C04F79EFBC}") = "StudentSys.WebApi", "StudentSys.WebApi\StudentSys.WebApi.csproj", "{B58B5167-BA6D-4D28-8AE7-565DB52FEA61}"
EndProject
Project("{FAE04EC0-301F-11D3-BF4B-00C04F79EFBC}") = "StudentSys.BLL", "StudentSys.BLL\StudentSys.BLL.csproj", "{32774275-E1B9-4E3C-93A0-74C01C79BEEC}"
EndProject
Global
	GlobalSection(SolutionConfigurationPlatforms) = preSolution
		Debug|Any CPU = Debug|Any CPU
		Release|Any CPU = Release|Any CPU
	EndGlobalSection
	GlobalSection(ProjectConfigurationPlatforms) = postSolution
		{2A9C9568-94FA-481E-9E60-F3EFF740770F}.Debug|Any CPU.ActiveCfg = Debug|Any CPU
		{2A9C9568-94FA-481E-9E60-F3EFF740770F}.Debug|Any CPU.Build.0 = Debug|Any CPU
		{2A9C9568-94FA-481E-9E60-F3EFF740770F}.Release|Any CPU.ActiveCfg = Release|Any CPU
		{2A9C9568-94FA-481E-9E60-F3EFF740770F}.Release|Any CPU.Build.0 = Release|Any CPU
		{DF4AC64D-AA4A-4D58-94A1-4FC7CF71CABA}.Debug|Any CPU.ActiveCfg = Debug|Any CPU
		{DF4AC64D-AA4A-4D58-94A1-4FC7CF71CABA}.Debug|Any CPU.Build.0 = Debug|Any CPU
		{DF4AC64D-AA4A-4D58-94A1-4FC7CF71CABA}.Release|Any CPU.ActiveCfg = Release|Any CPU
		{DF4AC64D-AA4A-4D58-94A1-4FC7CF71CABA}.Release|Any CPU.Build.0 = Release|Any CPU
		{9F6616A7-3D0D-4A69-9730-6E15F60B249B}.Debug|Any CPU.ActiveCfg = Debug|Any CPU
		{9F6616A7-3D0D-4A69-9730-6E15F60B249B}.Debug|Any CPU.Build.0 = Debug|Any CPU
		{9F6616A7-3D0D-4A69-9730-6E15F60B249B}.Release|Any CPU.ActiveCfg = Release|Any CPU
		{9F6616A7-3D0D-4A69-9730-6E15F60B249B}.Release|Any CPU.Build.0 = Release|Any CPU
		{B58B5167-BA6D-4D28-8AE7-565DB52FEA61}.Debug|Any CPU.ActiveCfg = Debug|Any CPU
		{B58B5167-BA6D-4D28-8AE7-565DB52FEA61}.Debug|Any CPU.Build.0 = Debug|Any CPU
		{B58B5167-BA6D-4D28-8AE7-565DB52FEA61}.Release|Any CPU.ActiveCfg = Release|Any CPU
		{B58B5167-BA6D-4D28-8AE7-565DB52FEA61}.Release|Any CPU.Build.0 = Release|Any CPU
		{32774275-E1B9-4E3C-93A0-74C01C79BEEC}.Debug|Any CPU.ActiveCfg = Debug|Any CPU
		{32774275-E1B9-4E3C-93A0-74C01C79BEEC}.Debug|Any CPU.Build.0 = Debug|Any CPU
		{32774275-E1B9-4E3C-93A0-74C01C79BEEC}.Release|Any CPU.ActiveCfg = Release|Any CPU
		{32774275-E1B9-4E3C-93A0-74C01C79BEEC}.Release|Any CPU.Build.0 = Release|Any CPU
	EndGlobalSection
	GlobalSection(SolutionProperties) = preSolution
		HideSolutionNode = FALSE
	EndGlobalSection
	GlobalSection(ExtensibilityGlobals) = postSolution
		SolutionGuid = {4545C312-8A57-4BCA-ABC0-95A2E5BC213E}
	EndGlobalSection
EndGlobal
